
Microsoft Visual Studio Solution File, Format Version 12.00
# Visual Studio 15
VisualStudioVersion = 15.0.28010.2016
MinimumVisualStudioVersion = 10.0.40219.1
Project("{8BC9CEB8-8B4A-11D0-8D11-00A0C91BC942}") = "11.9.7", "11.9.7\11.9.7.vcxproj", "{AFF8CE7D-1CD0-4603-99BA-B425BC353EBD}"
EndProject
Global
	GlobalSection(SolutionConfigurationPlatforms) = preSolution
		Debug|x64 = Debug|x64
		Debug|x86 = Debug|x86
		Release|x64 = Release|x64
		Release|x86 = Release|x86
	EndGlobalSection
	GlobalSection(ProjectConfigurationPlatforms) = postSolution
		{AFF8CE7D-1CD0-4603-99BA-B425BC353EBD}.Debug|x64.ActiveCfg = Debug|x64
		{AFF8CE7D-1CD0-4603-99BA-B425BC353EBD}.Debug|x64.Build.0 = Debug|x64
		{AFF8CE7D-1CD0-4603-99BA-B425BC353EBD}.Debug|x86.ActiveCfg = Debug|Win32
		{AFF8CE7D-1CD0-4603-99BA-B425BC353EBD}.Debug|x86.Build.0 = Debug|Win32
		{AFF8CE7D-1CD0-4603-99BA-B425BC353EBD}.Release|x64.ActiveCfg = Release|x64
		{AFF8CE7D-1CD0-4603-99BA-B425BC353EBD}.Release|x64.Build.0 = Release|x64
		{AFF8CE7D-1CD0-4603-99BA-B425BC353EBD}.Release|x86.ActiveCfg = Release|Win32
		{AFF8CE7D-1CD0-4603-99BA-B425BC353EBD}.Release|x86.Build.0 = Release|Win32
	EndGlobalSection
	GlobalSection(SolutionProperties) = preSolution
		HideSolutionNode = FALSE
	EndGlobalSection
	GlobalSection(ExtensibilityGlobals) = postSolution
		SolutionGuid = {42004E5D-6450-489D-9DC8-20AE19E24E57}
	EndGlobalSection
EndGlobal
